// !$*UTF8*$!
{
	archiveVersion = 1;
	classes = {
	};
	objectVersion = 51;
	objects = {

/* Begin PBXBuildFile section */
		3CFCB3935E1139A72C839325 /* Pods_Instagram.framework in Frameworks */ = {isa = PBXBuildFile; fileRef = 57FA7BFBDC2BD8E24F52AC4A /* Pods_Instagram.framework */; };
		A77EE6C2268F2D1600EB4536 /* IGFeedPostTableViewCell.swift in Sources */ = {isa = PBXBuildFile; fileRef = A77EE6C1268F2D1600EB4536 /* IGFeedPostTableViewCell.swift */; };
		A77EE6C7268F2ED400EB4536 /* IGFeedPostHeaderTableViewCell.swift in Sources */ = {isa = PBXBuildFile; fileRef = A77EE6C6268F2ED400EB4536 /* IGFeedPostHeaderTableViewCell.swift */; };
		A77EE6CB268F2EEF00EB4536 /* IGFeedPostActionsTableViewCell.swift in Sources */ = {isa = PBXBuildFile; fileRef = A77EE6CA268F2EEF00EB4536 /* IGFeedPostActionsTableViewCell.swift */; };
		A77EE6CE268F2F4100EB4536 /* IGFeedPostGeneralTableViewCell.swift in Sources */ = {isa = PBXBuildFile; fileRef = A77EE6CD268F2F4100EB4536 /* IGFeedPostGeneralTableViewCell.swift */; };
		A77EE6D1268F457200EB4536 /* FormTableViewCell.swift in Sources */ = {isa = PBXBuildFile; fileRef = A77EE6D0268F457200EB4536 /* FormTableViewCell.swift */; };
		A77EE6D5268F533800EB4536 /* PhotoCollectionViewCell.swift in Sources */ = {isa = PBXBuildFile; fileRef = A77EE6D4268F533800EB4536 /* PhotoCollectionViewCell.swift */; };
		A77EE6D8268F538400EB4536 /* ProfileInfoHeaderCollectionReusableView.swift in Sources */ = {isa = PBXBuildFile; fileRef = A77EE6D7268F538400EB4536 /* ProfileInfoHeaderCollectionReusableView.swift */; };
		A77EE6DF268F542B00EB4536 /* ProfileTabsCollectionReusableView.swift in Sources */ = {isa = PBXBuildFile; fileRef = A77EE6DE268F542B00EB4536 /* ProfileTabsCollectionReusableView.swift */; };
		A77EE6FB268F6A9000EB4536 /* Models.swift in Sources */ = {isa = PBXBuildFile; fileRef = A77EE6FA268F6A9000EB4536 /* Models.swift */; };
		A7801B17268C6123007F80E0 /* AppDelegate.swift in Sources */ = {isa = PBXBuildFile; fileRef = A7801B16268C6123007F80E0 /* AppDelegate.swift */; };
		A7801B19268C6123007F80E0 /* SceneDelegate.swift in Sources */ = {isa = PBXBuildFile; fileRef = A7801B18268C6123007F80E0 /* SceneDelegate.swift */; };
		A7801B1B268C6123007F80E0 /* HomeViewController.swift in Sources */ = {isa = PBXBuildFile; fileRef = A7801B1A268C6123007F80E0 /* HomeViewController.swift */; };
		A7801B1E268C6123007F80E0 /* Main.storyboard in Resources */ = {isa = PBXBuildFile; fileRef = A7801B1C268C6123007F80E0 /* Main.storyboard */; };
		A7801B20268C6125007F80E0 /* Assets.xcassets in Resources */ = {isa = PBXBuildFile; fileRef = A7801B1F268C6125007F80E0 /* Assets.xcassets */; };
		A7801B23268C6125007F80E0 /* LaunchScreen.storyboard in Resources */ = {isa = PBXBuildFile; fileRef = A7801B21268C6125007F80E0 /* LaunchScreen.storyboard */; };
		A7801B33268C6342007F80E0 /* ExploreViewController.swift in Sources */ = {isa = PBXBuildFile; fileRef = A7801B32268C6342007F80E0 /* ExploreViewController.swift */; };
		A7801B36268C6361007F80E0 /* CameraViewController.swift in Sources */ = {isa = PBXBuildFile; fileRef = A7801B35268C6361007F80E0 /* CameraViewController.swift */; };
		A7801B39268C6372007F80E0 /* NotificationViewController.swift in Sources */ = {isa = PBXBuildFile; fileRef = A7801B38268C6372007F80E0 /* NotificationViewController.swift */; };
		A7801B3C268C637F007F80E0 /* ProfileViewController.swift in Sources */ = {isa = PBXBuildFile; fileRef = A7801B3B268C637F007F80E0 /* ProfileViewController.swift */; };
		A7801B43268C6403007F80E0 /* LoginViewController.swift in Sources */ = {isa = PBXBuildFile; fileRef = A7801B42268C6403007F80E0 /* LoginViewController.swift */; };
		A7801B47268C6412007F80E0 /* RegistrationViewController.swift in Sources */ = {isa = PBXBuildFile; fileRef = A7801B46268C6412007F80E0 /* RegistrationViewController.swift */; };
		A7801B4A268C645F007F80E0 /* PostViewController.swift in Sources */ = {isa = PBXBuildFile; fileRef = A7801B49268C645F007F80E0 /* PostViewController.swift */; };
		A7801B4D268C64A5007F80E0 /* EditProfileViewController.swift in Sources */ = {isa = PBXBuildFile; fileRef = A7801B4C268C64A5007F80E0 /* EditProfileViewController.swift */; };
		A7801B50268C658A007F80E0 /* SettingsViewController.swift in Sources */ = {isa = PBXBuildFile; fileRef = A7801B4F268C658A007F80E0 /* SettingsViewController.swift */; };
		A7801B53268C65A7007F80E0 /* ListViewController.swift in Sources */ = {isa = PBXBuildFile; fileRef = A7801B52268C65A7007F80E0 /* ListViewController.swift */; };
		A7801B56268C6604007F80E0 /* SearchViewController.swift in Sources */ = {isa = PBXBuildFile; fileRef = A7801B55268C6604007F80E0 /* SearchViewController.swift */; };
		A7801B59268C6615007F80E0 /* SearchResultViewController.swift in Sources */ = {isa = PBXBuildFile; fileRef = A7801B58268C6615007F80E0 /* SearchResultViewController.swift */; };
		A7801B5C268C6660007F80E0 /* PostEditorViewController.swift in Sources */ = {isa = PBXBuildFile; fileRef = A7801B5B268C6660007F80E0 /* PostEditorViewController.swift */; };
		A7801B5F268C667B007F80E0 /* PublishPostViewController.swift in Sources */ = {isa = PBXBuildFile; fileRef = A7801B5E268C667B007F80E0 /* PublishPostViewController.swift */; };
		A7801B79268C70DB007F80E0 /* GoogleService-Info.plist in Resources */ = {isa = PBXBuildFile; fileRef = A7801B78268C70DB007F80E0 /* GoogleService-Info.plist */; };
		A7801B80268C73E9007F80E0 /* DatabaseManager.swift in Sources */ = {isa = PBXBuildFile; fileRef = A7801B7F268C73E9007F80E0 /* DatabaseManager.swift */; };
		A7801B83268C74A6007F80E0 /* AuthManager.swift in Sources */ = {isa = PBXBuildFile; fileRef = A7801B82268C74A6007F80E0 /* AuthManager.swift */; };
		A7801B86268C7502007F80E0 /* StorageManager.swift in Sources */ = {isa = PBXBuildFile; fileRef = A7801B85268C7502007F80E0 /* StorageManager.swift */; };
		A7801BA0268C7DF5007F80E0 /* Extensions.swift in Sources */ = {isa = PBXBuildFile; fileRef = A7801B9F268C7DF5007F80E0 /* Extensions.swift */; };
		A78DE250269C8FCA00FFB642 /* NoNotificationsView.swift in Sources */ = {isa = PBXBuildFile; fileRef = A78DE24F269C8FC900FFB642 /* NoNotificationsView.swift */; };
		A78DE254269C98B300FFB642 /* NotificationFollowEventTableViewCell.swift in Sources */ = {isa = PBXBuildFile; fileRef = A78DE253269C98B300FFB642 /* NotificationFollowEventTableViewCell.swift */; };
		A78DE258269C98EC00FFB642 /* NotificationLikeEventTableViewCell.swift in Sources */ = {isa = PBXBuildFile; fileRef = A78DE257269C98EC00FFB642 /* NotificationLikeEventTableViewCell.swift */; };
		A7AC0D852696F27500803686 /* UserFollowTableViewCell.swift in Sources */ = {isa = PBXBuildFile; fileRef = A7AC0D842696F27500803686 /* UserFollowTableViewCell.swift */; };
/* End PBXBuildFile section */

/* Begin PBXFileReference section */
		57FA7BFBDC2BD8E24F52AC4A /* Pods_Instagram.framework */ = {isa = PBXFileReference; explicitFileType = wrapper.framework; includeInIndex = 0; path = Pods_Instagram.framework; sourceTree = BUILT_PRODUCTS_DIR; };
		6569B012571F184371F37637 /* Pods-Instagram.debug.xcconfig */ = {isa = PBXFileReference; includeInIndex = 1; lastKnownFileType = text.xcconfig; name = "Pods-Instagram.debug.xcconfig"; path = "Target Support Files/Pods-Instagram/Pods-Instagram.debug.xcconfig"; sourceTree = "<group>"; };
		90E04C4DA64F95C18D942A83 /* Pods-Instagram.release.xcconfig */ = {isa = PBXFileReference; includeInIndex = 1; lastKnownFileType = text.xcconfig; name = "Pods-Instagram.release.xcconfig"; path = "Target Support Files/Pods-Instagram/Pods-Instagram.release.xcconfig"; sourceTree = "<group>"; };
		A77EE6C1268F2D1600EB4536 /* IGFeedPostTableViewCell.swift */ = {isa = PBXFileReference; lastKnownFileType = sourcecode.swift; name = IGFeedPostTableViewCell.swift; path = "../New Group/IGFeedPostTableViewCell.swift"; sourceTree = "<group>"; };
		A77EE6C6268F2ED400EB4536 /* IGFeedPostHeaderTableViewCell.swift */ = {isa = PBXFileReference; lastKnownFileType = sourcecode.swift; path = IGFeedPostHeaderTableViewCell.swift; sourceTree = "<group>"; };
		A77EE6CA268F2EEF00EB4536 /* IGFeedPostActionsTableViewCell.swift */ = {isa = PBXFileReference; lastKnownFileType = sourcecode.swift; path = IGFeedPostActionsTableViewCell.swift; sourceTree = "<group>"; };
		A77EE6CD268F2F4100EB4536 /* IGFeedPostGeneralTableViewCell.swift */ = {isa = PBXFileReference; lastKnownFileType = sourcecode.swift; path = IGFeedPostGeneralTableViewCell.swift; sourceTree = "<group>"; };
		A77EE6D0268F457200EB4536 /* FormTableViewCell.swift */ = {isa = PBXFileReference; lastKnownFileType = sourcecode.swift; path = FormTableViewCell.swift; sourceTree = "<group>"; };
		A77EE6D4268F533800EB4536 /* PhotoCollectionViewCell.swift */ = {isa = PBXFileReference; lastKnownFileType = sourcecode.swift; path = PhotoCollectionViewCell.swift; sourceTree = "<group>"; };
		A77EE6D7268F538400EB4536 /* ProfileInfoHeaderCollectionReusableView.swift */ = {isa = PBXFileReference; lastKnownFileType = sourcecode.swift; path = ProfileInfoHeaderCollectionReusableView.swift; sourceTree = "<group>"; };
		A77EE6DE268F542B00EB4536 /* ProfileTabsCollectionReusableView.swift */ = {isa = PBXFileReference; lastKnownFileType = sourcecode.swift; path = ProfileTabsCollectionReusableView.swift; sourceTree = "<group>"; };
		A77EE6FA268F6A9000EB4536 /* Models.swift */ = {isa = PBXFileReference; lastKnownFileType = sourcecode.swift; path = Models.swift; sourceTree = "<group>"; };
		A7801B13268C6123007F80E0 /* Instagram.app */ = {isa = PBXFileReference; explicitFileType = wrapper.application; includeInIndex = 0; path = Instagram.app; sourceTree = BUILT_PRODUCTS_DIR; };
		A7801B16268C6123007F80E0 /* AppDelegate.swift */ = {isa = PBXFileReference; lastKnownFileType = sourcecode.swift; path = AppDelegate.swift; sourceTree = "<group>"; };
		A7801B18268C6123007F80E0 /* SceneDelegate.swift */ = {isa = PBXFileReference; lastKnownFileType = sourcecode.swift; path = SceneDelegate.swift; sourceTree = "<group>"; };
		A7801B1A268C6123007F80E0 /* HomeViewController.swift */ = {isa = PBXFileReference; lastKnownFileType = sourcecode.swift; path = HomeViewController.swift; sourceTree = "<group>"; };
		A7801B1D268C6123007F80E0 /* Base */ = {isa = PBXFileReference; lastKnownFileType = file.storyboard; name = Base; path = Base.lproj/Main.storyboard; sourceTree = "<group>"; };
		A7801B1F268C6125007F80E0 /* Assets.xcassets */ = {isa = PBXFileReference; lastKnownFileType = folder.assetcatalog; path = Assets.xcassets; sourceTree = "<group>"; };
		A7801B22268C6125007F80E0 /* Base */ = {isa = PBXFileReference; lastKnownFileType = file.storyboard; name = Base; path = Base.lproj/LaunchScreen.storyboard; sourceTree = "<group>"; };
		A7801B24268C6125007F80E0 /* Info.plist */ = {isa = PBXFileReference; lastKnownFileType = text.plist.xml; path = Info.plist; sourceTree = "<group>"; };
		A7801B32268C6342007F80E0 /* ExploreViewController.swift */ = {isa = PBXFileReference; lastKnownFileType = sourcecode.swift; path = ExploreViewController.swift; sourceTree = "<group>"; };
		A7801B35268C6361007F80E0 /* CameraViewController.swift */ = {isa = PBXFileReference; lastKnownFileType = sourcecode.swift; path = CameraViewController.swift; sourceTree = "<group>"; };
		A7801B38268C6372007F80E0 /* NotificationViewController.swift */ = {isa = PBXFileReference; lastKnownFileType = sourcecode.swift; path = NotificationViewController.swift; sourceTree = "<group>"; };
		A7801B3B268C637F007F80E0 /* ProfileViewController.swift */ = {isa = PBXFileReference; lastKnownFileType = sourcecode.swift; path = ProfileViewController.swift; sourceTree = "<group>"; };
		A7801B42268C6403007F80E0 /* LoginViewController.swift */ = {isa = PBXFileReference; lastKnownFileType = sourcecode.swift; path = LoginViewController.swift; sourceTree = "<group>"; };
		A7801B46268C6412007F80E0 /* RegistrationViewController.swift */ = {isa = PBXFileReference; lastKnownFileType = sourcecode.swift; path = RegistrationViewController.swift; sourceTree = "<group>"; };
		A7801B49268C645F007F80E0 /* PostViewController.swift */ = {isa = PBXFileReference; lastKnownFileType = sourcecode.swift; path = PostViewController.swift; sourceTree = "<group>"; };
		A7801B4C268C64A5007F80E0 /* EditProfileViewController.swift */ = {isa = PBXFileReference; lastKnownFileType = sourcecode.swift; path = EditProfileViewController.swift; sourceTree = "<group>"; };
		A7801B4F268C658A007F80E0 /* SettingsViewController.swift */ = {isa = PBXFileReference; lastKnownFileType = sourcecode.swift; path = SettingsViewController.swift; sourceTree = "<group>"; };
		A7801B52268C65A7007F80E0 /* ListViewController.swift */ = {isa = PBXFileReference; lastKnownFileType = sourcecode.swift; path = ListViewController.swift; sourceTree = "<group>"; };
		A7801B55268C6604007F80E0 /* SearchViewController.swift */ = {isa = PBXFileReference; lastKnownFileType = sourcecode.swift; path = SearchViewController.swift; sourceTree = "<group>"; };
		A7801B58268C6615007F80E0 /* SearchResultViewController.swift */ = {isa = PBXFileReference; lastKnownFileType = sourcecode.swift; path = SearchResultViewController.swift; sourceTree = "<group>"; };
		A7801B5B268C6660007F80E0 /* PostEditorViewController.swift */ = {isa = PBXFileReference; lastKnownFileType = sourcecode.swift; path = PostEditorViewController.swift; sourceTree = "<group>"; };
		A7801B5E268C667B007F80E0 /* PublishPostViewController.swift */ = {isa = PBXFileReference; lastKnownFileType = sourcecode.swift; path = PublishPostViewController.swift; sourceTree = "<group>"; };
		A7801B78268C70DB007F80E0 /* GoogleService-Info.plist */ = {isa = PBXFileReference; fileEncoding = 4; lastKnownFileType = text.plist.xml; path = "GoogleService-Info.plist"; sourceTree = "<group>"; };
		A7801B7F268C73E9007F80E0 /* DatabaseManager.swift */ = {isa = PBXFileReference; lastKnownFileType = sourcecode.swift; path = DatabaseManager.swift; sourceTree = "<group>"; };
		A7801B82268C74A6007F80E0 /* AuthManager.swift */ = {isa = PBXFileReference; lastKnownFileType = sourcecode.swift; path = AuthManager.swift; sourceTree = "<group>"; };
		A7801B85268C7502007F80E0 /* StorageManager.swift */ = {isa = PBXFileReference; lastKnownFileType = sourcecode.swift; path = StorageManager.swift; sourceTree = "<group>"; };
		A7801B9F268C7DF5007F80E0 /* Extensions.swift */ = {isa = PBXFileReference; lastKnownFileType = sourcecode.swift; path = Extensions.swift; sourceTree = "<group>"; };
		A78DE24F269C8FC900FFB642 /* NoNotificationsView.swift */ = {isa = PBXFileReference; lastKnownFileType = sourcecode.swift; path = NoNotificationsView.swift; sourceTree = "<group>"; };
		A78DE253269C98B300FFB642 /* NotificationFollowEventTableViewCell.swift */ = {isa = PBXFileReference; lastKnownFileType = sourcecode.swift; path = NotificationFollowEventTableViewCell.swift; sourceTree = "<group>"; };
		A78DE257269C98EC00FFB642 /* NotificationLikeEventTableViewCell.swift */ = {isa = PBXFileReference; lastKnownFileType = sourcecode.swift; path = NotificationLikeEventTableViewCell.swift; sourceTree = "<group>"; };
		A7AC0D842696F27500803686 /* UserFollowTableViewCell.swift */ = {isa = PBXFileReference; lastKnownFileType = sourcecode.swift; path = UserFollowTableViewCell.swift; sourceTree = "<group>"; };
/* End PBXFileReference section */

/* Begin PBXFrameworksBuildPhase section */
		A7801B10268C6123007F80E0 /* Frameworks */ = {
			isa = PBXFrameworksBuildPhase;
			buildActionMask = 2147483647;
			files = (
				3CFCB3935E1139A72C839325 /* Pods_Instagram.framework in Frameworks */,
			);
			runOnlyForDeploymentPostprocessing = 0;
		};
/* End PBXFrameworksBuildPhase section */

/* Begin PBXGroup section */
		A77EE6C0268F2CDD00EB4536 /* Cells */ = {
			isa = PBXGroup;
			children = (
				A78DE252269C97BB00FFB642 /* Notifications */,
				A77EE6C5268F2E7C00EB4536 /* Home Feeds */,
				A77EE6D0268F457200EB4536 /* FormTableViewCell.swift */,
				A77EE6D4268F533800EB4536 /* PhotoCollectionViewCell.swift */,
				A7AC0D842696F27500803686 /* UserFollowTableViewCell.swift */,
			);
			path = Cells;
			sourceTree = "<group>";
		};
		A77EE6C5268F2E7C00EB4536 /* Home Feeds */ = {
			isa = PBXGroup;
			children = (
				A77EE6C1268F2D1600EB4536 /* IGFeedPostTableViewCell.swift */,
				A77EE6C6268F2ED400EB4536 /* IGFeedPostHeaderTableViewCell.swift */,
				A77EE6CA268F2EEF00EB4536 /* IGFeedPostActionsTableViewCell.swift */,
				A77EE6CD268F2F4100EB4536 /* IGFeedPostGeneralTableViewCell.swift */,
			);
			path = "Home Feeds";
			sourceTree = "<group>";
		};
		A77EE6D3268F52F100EB4536 /* CollectionView Headers */ = {
			isa = PBXGroup;
			children = (
				A77EE6D7268F538400EB4536 /* ProfileInfoHeaderCollectionReusableView.swift */,
				A77EE6DE268F542B00EB4536 /* ProfileTabsCollectionReusableView.swift */,
			);
			path = "CollectionView Headers";
			sourceTree = "<group>";
		};
		A7801B0A268C6123007F80E0 = {
			isa = PBXGroup;
			children = (
				A7801B15268C6123007F80E0 /* Instagram */,
				A7801B14268C6123007F80E0 /* Products */,
				D379DF0AA6C778ACBA0A6523 /* Pods */,
				C2BC7AB0E969C8174751420E /* Frameworks */,
			);
			sourceTree = "<group>";
		};
		A7801B14268C6123007F80E0 /* Products */ = {
			isa = PBXGroup;
			children = (
				A7801B13268C6123007F80E0 /* Instagram.app */,
			);
			name = Products;
			sourceTree = "<group>";
		};
		A7801B15268C6123007F80E0 /* Instagram */ = {
			isa = PBXGroup;
			children = (
				A7801B2E268C61EC007F80E0 /* Resources */,
				A7801B2D268C61DE007F80E0 /* Models */,
				A7801B2C268C61CF007F80E0 /* Views */,
				A7801B2B268C61C4007F80E0 /* Controllers */,
				A7801B24268C6125007F80E0 /* Info.plist */,
			);
			path = Instagram;
			sourceTree = "<group>";
		};
		A7801B2B268C61C4007F80E0 /* Controllers */ = {
			isa = PBXGroup;
			children = (
				A7801B40268C63D7007F80E0 /* Other */,
				A7801B3E268C6389007F80E0 /* Core Tabs */,
			);
			path = Controllers;
			sourceTree = "<group>";
		};
		A7801B2C268C61CF007F80E0 /* Views */ = {
			isa = PBXGroup;
			children = (
				A77EE6D3268F52F100EB4536 /* CollectionView Headers */,
				A77EE6C0268F2CDD00EB4536 /* Cells */,
				A7801B30268C625D007F80E0 /* Storyboard */,
				A7801B1F268C6125007F80E0 /* Assets.xcassets */,
				A78DE24F269C8FC900FFB642 /* NoNotificationsView.swift */,
			);
			path = Views;
			sourceTree = "<group>";
		};
		A7801B2D268C61DE007F80E0 /* Models */ = {
			isa = PBXGroup;
			children = (
				A77EE6FA268F6A9000EB4536 /* Models.swift */,
			);
			path = Models;
			sourceTree = "<group>";
		};
		A7801B2E268C61EC007F80E0 /* Resources */ = {
			isa = PBXGroup;
			children = (
				A7801B16268C6123007F80E0 /* AppDelegate.swift */,
				A7801B18268C6123007F80E0 /* SceneDelegate.swift */,
				A7801B78268C70DB007F80E0 /* GoogleService-Info.plist */,
				A7801B7F268C73E9007F80E0 /* DatabaseManager.swift */,
				A7801B82268C74A6007F80E0 /* AuthManager.swift */,
				A7801B85268C7502007F80E0 /* StorageManager.swift */,
				A7801B9F268C7DF5007F80E0 /* Extensions.swift */,
			);
			path = Resources;
			sourceTree = "<group>";
		};
		A7801B30268C625D007F80E0 /* Storyboard */ = {
			isa = PBXGroup;
			children = (
				A7801B1C268C6123007F80E0 /* Main.storyboard */,
				A7801B21268C6125007F80E0 /* LaunchScreen.storyboard */,
			);
			path = Storyboard;
			sourceTree = "<group>";
		};
		A7801B3E268C6389007F80E0 /* Core Tabs */ = {
			isa = PBXGroup;
			children = (
				A7801B1A268C6123007F80E0 /* HomeViewController.swift */,
				A7801B32268C6342007F80E0 /* ExploreViewController.swift */,
				A7801B35268C6361007F80E0 /* CameraViewController.swift */,
				A7801B38268C6372007F80E0 /* NotificationViewController.swift */,
				A7801B3B268C637F007F80E0 /* ProfileViewController.swift */,
			);
			path = "Core Tabs";
			sourceTree = "<group>";
		};
		A7801B40268C63D7007F80E0 /* Other */ = {
			isa = PBXGroup;
			children = (
				A7801B41268C63E5007F80E0 /* Onboarding */,
				A7801B7B268C7308007F80E0 /* General */,
			);
			path = Other;
			sourceTree = "<group>";
		};
		A7801B41268C63E5007F80E0 /* Onboarding */ = {
			isa = PBXGroup;
			children = (
				A7801B42268C6403007F80E0 /* LoginViewController.swift */,
				A7801B46268C6412007F80E0 /* RegistrationViewController.swift */,
			);
			path = Onboarding;
			sourceTree = "<group>";
		};
		A7801B7B268C7308007F80E0 /* General */ = {
			isa = PBXGroup;
			children = (
				A7801B4F268C658A007F80E0 /* SettingsViewController.swift */,
				A7801B49268C645F007F80E0 /* PostViewController.swift */,
				A7801B4C268C64A5007F80E0 /* EditProfileViewController.swift */,
				A7801B52268C65A7007F80E0 /* ListViewController.swift */,
				A7801B55268C6604007F80E0 /* SearchViewController.swift */,
				A7801B58268C6615007F80E0 /* SearchResultViewController.swift */,
				A7801B5B268C6660007F80E0 /* PostEditorViewController.swift */,
				A7801B5E268C667B007F80E0 /* PublishPostViewController.swift */,
			);
			path = General;
			sourceTree = "<group>";
		};
		A78DE252269C97BB00FFB642 /* Notifications */ = {
			isa = PBXGroup;
			children = (
				A78DE253269C98B300FFB642 /* NotificationFollowEventTableViewCell.swift */,
				A78DE257269C98EC00FFB642 /* NotificationLikeEventTableViewCell.swift */,
			);
			path = Notifications;
			sourceTree = "<group>";
		};
		C2BC7AB0E969C8174751420E /* Frameworks */ = {
			isa = PBXGroup;
			children = (
				57FA7BFBDC2BD8E24F52AC4A /* Pods_Instagram.framework */,
			);
			name = Frameworks;
			sourceTree = "<group>";
		};
		D379DF0AA6C778ACBA0A6523 /* Pods */ = {
			isa = PBXGroup;
			children = (
				6569B012571F184371F37637 /* Pods-Instagram.debug.xcconfig */,
				90E04C4DA64F95C18D942A83 /* Pods-Instagram.release.xcconfig */,
			);
			path = Pods;
			sourceTree = "<group>";
		};
/* End PBXGroup section */

/* Begin PBXNativeTarget section */
		A7801B12268C6123007F80E0 /* Instagram */ = {
			isa = PBXNativeTarget;
			buildConfigurationList = A7801B27268C6125007F80E0 /* Build configuration list for PBXNativeTarget "Instagram" */;
			buildPhases = (
				11C7BB14788475A382FC0CB5 /* [CP] Check Pods Manifest.lock */,
				A7801B0F268C6123007F80E0 /* Sources */,
				A7801B10268C6123007F80E0 /* Frameworks */,
				A7801B11268C6123007F80E0 /* Resources */,
				15B82A374F6CF719E9C3299D /* [CP] Embed Pods Frameworks */,
			);
			buildRules = (
			);
			dependencies = (
			);
			name = Instagram;
			productName = Instagram;
			productReference = A7801B13268C6123007F80E0 /* Instagram.app */;
			productType = "com.apple.product-type.application";
		};
/* End PBXNativeTarget section */

/* Begin PBXProject section */
		A7801B0B268C6123007F80E0 /* Project object */ = {
			isa = PBXProject;
			attributes = {
				LastSwiftUpdateCheck = 1240;
				LastUpgradeCheck = 1240;
				TargetAttributes = {
					A7801B12268C6123007F80E0 = {
						CreatedOnToolsVersion = 12.4;
					};
				};
			};
			buildConfigurationList = A7801B0E268C6123007F80E0 /* Build configuration list for PBXProject "Instagram" */;
			compatibilityVersion = "Xcode 9.3";
			developmentRegion = en;
			hasScannedForEncodings = 0;
			knownRegions = (
				en,
				Base,
			);
			mainGroup = A7801B0A268C6123007F80E0;
			productRefGroup = A7801B14268C6123007F80E0 /* Products */;
			projectDirPath = "";
			projectRoot = "";
			targets = (
				A7801B12268C6123007F80E0 /* Instagram */,
			);
		};
/* End PBXProject section */

/* Begin PBXResourcesBuildPhase section */
		A7801B11268C6123007F80E0 /* Resources */ = {
			isa = PBXResourcesBuildPhase;
			buildActionMask = 2147483647;
			files = (
				A7801B23268C6125007F80E0 /* LaunchScreen.storyboard in Resources */,
				A7801B79268C70DB007F80E0 /* GoogleService-Info.plist in Resources */,
				A7801B20268C6125007F80E0 /* Assets.xcassets in Resources */,
				A7801B1E268C6123007F80E0 /* Main.storyboard in Resources */,
			);
			runOnlyForDeploymentPostprocessing = 0;
		};
/* End PBXResourcesBuildPhase section */

/* Begin PBXShellScriptBuildPhase section */
		11C7BB14788475A382FC0CB5 /* [CP] Check Pods Manifest.lock */ = {
			isa = PBXShellScriptBuildPhase;
			buildActionMask = 2147483647;
			files = (
			);
			inputFileListPaths = (
			);
			inputPaths = (
				"${PODS_PODFILE_DIR_PATH}/Podfile.lock",
				"${PODS_ROOT}/Manifest.lock",
			);
			name = "[CP] Check Pods Manifest.lock";
			outputFileListPaths = (
			);
			outputPaths = (
				"$(DERIVED_FILE_DIR)/Pods-Instagram-checkManifestLockResult.txt",
			);
			runOnlyForDeploymentPostprocessing = 0;
			shellPath = /bin/sh;
			shellScript = "diff \"${PODS_PODFILE_DIR_PATH}/Podfile.lock\" \"${PODS_ROOT}/Manifest.lock\" > /dev/null\nif [ $? != 0 ] ; then\n    # print error to STDERR\n    echo \"error: The sandbox is not in sync with the Podfile.lock. Run 'pod install' or update your CocoaPods installation.\" >&2\n    exit 1\nfi\n# This output is used by Xcode 'outputs' to avoid re-running this script phase.\necho \"SUCCESS\" > \"${SCRIPT_OUTPUT_FILE_0}\"\n";
			showEnvVarsInLog = 0;
		};
		15B82A374F6CF719E9C3299D /* [CP] Embed Pods Frameworks */ = {
			isa = PBXShellScriptBuildPhase;
			buildActionMask = 2147483647;
			files = (
			);
			inputFileListPaths = (
				"${PODS_ROOT}/Target Support Files/Pods-Instagram/Pods-Instagram-frameworks-${CONFIGURATION}-input-files.xcfilelist",
			);
			name = "[CP] Embed Pods Frameworks";
			outputFileListPaths = (
				"${PODS_ROOT}/Target Support Files/Pods-Instagram/Pods-Instagram-frameworks-${CONFIGURATION}-output-files.xcfilelist",
			);
			runOnlyForDeploymentPostprocessing = 0;
			shellPath = /bin/sh;
			shellScript = "\"${PODS_ROOT}/Target Support Files/Pods-Instagram/Pods-Instagram-frameworks.sh\"\n";
			showEnvVarsInLog = 0;
		};
/* End PBXShellScriptBuildPhase section */

/* Begin PBXSourcesBuildPhase section */
		A7801B0F268C6123007F80E0 /* Sources */ = {
			isa = PBXSourcesBuildPhase;
			buildActionMask = 2147483647;
			files = (
				A7801B4D268C64A5007F80E0 /* EditProfileViewController.swift in Sources */,
				A7801B33268C6342007F80E0 /* ExploreViewController.swift in Sources */,
				A7801B5F268C667B007F80E0 /* PublishPostViewController.swift in Sources */,
				A7801B36268C6361007F80E0 /* CameraViewController.swift in Sources */,
				A7801B39268C6372007F80E0 /* NotificationViewController.swift in Sources */,
				A7801B47268C6412007F80E0 /* RegistrationViewController.swift in Sources */,
				A78DE250269C8FCA00FFB642 /* NoNotificationsView.swift in Sources */,
				A77EE6C7268F2ED400EB4536 /* IGFeedPostHeaderTableViewCell.swift in Sources */,
				A78DE254269C98B300FFB642 /* NotificationFollowEventTableViewCell.swift in Sources */,
				A7801B5C268C6660007F80E0 /* PostEditorViewController.swift in Sources */,
				A7801B86268C7502007F80E0 /* StorageManager.swift in Sources */,
				A7AC0D852696F27500803686 /* UserFollowTableViewCell.swift in Sources */,
				A77EE6FB268F6A9000EB4536 /* Models.swift in Sources */,
				A77EE6D1268F457200EB4536 /* FormTableViewCell.swift in Sources */,
				A7801B4A268C645F007F80E0 /* PostViewController.swift in Sources */,
				A77EE6DF268F542B00EB4536 /* ProfileTabsCollectionReusableView.swift in Sources */,
				A7801B80268C73E9007F80E0 /* DatabaseManager.swift in Sources */,
				A7801B1B268C6123007F80E0 /* HomeViewController.swift in Sources */,
				A77EE6C2268F2D1600EB4536 /* IGFeedPostTableViewCell.swift in Sources */,
				A77EE6D5268F533800EB4536 /* PhotoCollectionViewCell.swift in Sources */,
				A7801B59268C6615007F80E0 /* SearchResultViewController.swift in Sources */,
				A7801B43268C6403007F80E0 /* LoginViewController.swift in Sources */,
				A7801BA0268C7DF5007F80E0 /* Extensions.swift in Sources */,
				A77EE6CE268F2F4100EB4536 /* IGFeedPostGeneralTableViewCell.swift in Sources */,
				A78DE258269C98EC00FFB642 /* NotificationLikeEventTableViewCell.swift in Sources */,
				A7801B56268C6604007F80E0 /* SearchViewController.swift in Sources */,
				A77EE6D8268F538400EB4536 /* ProfileInfoHeaderCollectionReusableView.swift in Sources */,
				A7801B3C268C637F007F80E0 /* ProfileViewController.swift in Sources */,
				A7801B83268C74A6007F80E0 /* AuthManager.swift in Sources */,
				A7801B17268C6123007F80E0 /* AppDelegate.swift in Sources */,
				A7801B19268C6123007F80E0 /* SceneDelegate.swift in Sources */,
				A77EE6CB268F2EEF00EB4536 /* IGFeedPostActionsTableViewCell.swift in Sources */,
				A7801B53268C65A7007F80E0 /* ListViewController.swift in Sources */,
				A7801B50268C658A007F80E0 /* SettingsViewController.swift in Sources */,
			);
			runOnlyForDeploymentPostprocessing = 0;
		};
/* End PBXSourcesBuildPhase section */

/* Begin PBXVariantGroup section */
		A7801B1C268C6123007F80E0 /* Main.storyboard */ = {
			isa = PBXVariantGroup;
			children = (
				A7801B1D268C6123007F80E0 /* Base */,
			);
			name = Main.storyboard;
			sourceTree = "<group>";
		};
		A7801B21268C6125007F80E0 /* LaunchScreen.storyboard */ = {
			isa = PBXVariantGroup;
			children = (
				A7801B22268C6125007F80E0 /* Base */,
			);
			name = LaunchScreen.storyboard;
			sourceTree = "<group>";
		};
/* End PBXVariantGroup section */

/* Begin XCBuildConfiguration section */
		A7801B25268C6125007F80E0 /* Debug */ = {
			isa = XCBuildConfiguration;
			buildSettings = {
				ALWAYS_SEARCH_USER_PATHS = NO;
				CLANG_ANALYZER_NONNULL = YES;
				CLANG_ANALYZER_NUMBER_OBJECT_CONVERSION = YES_AGGRESSIVE;
				CLANG_CXX_LANGUAGE_STANDARD = "gnu++14";
				CLANG_CXX_LIBRARY = "libc++";
				CLANG_ENABLE_MODULES = YES;
				CLANG_ENABLE_OBJC_ARC = YES;
				CLANG_ENABLE_OBJC_WEAK = YES;
				CLANG_WARN_BLOCK_CAPTURE_AUTORELEASING = YES;
				CLANG_WARN_BOOL_CONVERSION = YES;
				CLANG_WARN_COMMA = YES;
				CLANG_WARN_CONSTANT_CONVERSION = YES;
				CLANG_WARN_DEPRECATED_OBJC_IMPLEMENTATIONS = YES;
				CLANG_WARN_DIRECT_OBJC_ISA_USAGE = YES_ERROR;
				CLANG_WARN_DOCUMENTATION_COMMENTS = YES;
				CLANG_WARN_EMPTY_BODY = YES;
				CLANG_WARN_ENUM_CONVERSION = YES;
				CLANG_WARN_INFINITE_RECURSION = YES;
				CLANG_WARN_INT_CONVERSION = YES;
				CLANG_WARN_NON_LITERAL_NULL_CONVERSION = YES;
				CLANG_WARN_OBJC_IMPLICIT_RETAIN_SELF = YES;
				CLANG_WARN_OBJC_LITERAL_CONVERSION = YES;
				CLANG_WARN_OBJC_ROOT_CLASS = YES_ERROR;
				CLANG_WARN_QUOTED_INCLUDE_IN_FRAMEWORK_HEADER = YES;
				CLANG_WARN_RANGE_LOOP_ANALYSIS = YES;
				CLANG_WARN_STRICT_PROTOTYPES = YES;
				CLANG_WARN_SUSPICIOUS_MOVE = YES;
				CLANG_WARN_UNGUARDED_AVAILABILITY = YES_AGGRESSIVE;
				CLANG_WARN_UNREACHABLE_CODE = YES;
				CLANG_WARN__DUPLICATE_METHOD_MATCH = YES;
				COPY_PHASE_STRIP = NO;
				DEBUG_INFORMATION_FORMAT = dwarf;
				ENABLE_STRICT_OBJC_MSGSEND = YES;
				ENABLE_TESTABILITY = YES;
				GCC_C_LANGUAGE_STANDARD = gnu11;
				GCC_DYNAMIC_NO_PIC = NO;
				GCC_NO_COMMON_BLOCKS = YES;
				GCC_OPTIMIZATION_LEVEL = 0;
				GCC_PREPROCESSOR_DEFINITIONS = (
					"DEBUG=1",
					"$(inherited)",
				);
				GCC_WARN_64_TO_32_BIT_CONVERSION = YES;
				GCC_WARN_ABOUT_RETURN_TYPE = YES_ERROR;
				GCC_WARN_UNDECLARED_SELECTOR = YES;
				GCC_WARN_UNINITIALIZED_AUTOS = YES_AGGRESSIVE;
				GCC_WARN_UNUSED_FUNCTION = YES;
				GCC_WARN_UNUSED_VARIABLE = YES;
				IPHONEOS_DEPLOYMENT_TARGET = 14.4;
				MTL_ENABLE_DEBUG_INFO = INCLUDE_SOURCE;
				MTL_FAST_MATH = YES;
				ONLY_ACTIVE_ARCH = YES;
				SDKROOT = iphoneos;
				SWIFT_ACTIVE_COMPILATION_CONDITIONS = DEBUG;
				SWIFT_OPTIMIZATION_LEVEL = "-Onone";
			};
			name = Debug;
		};
		A7801B26268C6125007F80E0 /* Release */ = {
			isa = XCBuildConfiguration;
			buildSettings = {
				ALWAYS_SEARCH_USER_PATHS = NO;
				CLANG_ANALYZER_NONNULL = YES;
				CLANG_ANALYZER_NUMBER_OBJECT_CONVERSION = YES_AGGRESSIVE;
				CLANG_CXX_LANGUAGE_STANDARD = "gnu++14";
				CLANG_CXX_LIBRARY = "libc++";
				CLANG_ENABLE_MODULES = YES;
				CLANG_ENABLE_OBJC_ARC = YES;
				CLANG_ENABLE_OBJC_WEAK = YES;
				CLANG_WARN_BLOCK_CAPTURE_AUTORELEASING = YES;
				CLANG_WARN_BOOL_CONVERSION = YES;
				CLANG_WARN_COMMA = YES;
				CLANG_WARN_CONSTANT_CONVERSION = YES;
				CLANG_WARN_DEPRECATED_OBJC_IMPLEMENTATIONS = YES;
				CLANG_WARN_DIRECT_OBJC_ISA_USAGE = YES_ERROR;
				CLANG_WARN_DOCUMENTATION_COMMENTS = YES;
				CLANG_WARN_EMPTY_BODY = YES;
				CLANG_WARN_ENUM_CONVERSION = YES;
				CLANG_WARN_INFINITE_RECURSION = YES;
				CLANG_WARN_INT_CONVERSION = YES;
				CLANG_WARN_NON_LITERAL_NULL_CONVERSION = YES;
				CLANG_WARN_OBJC_IMPLICIT_RETAIN_SELF = YES;
				CLANG_WARN_OBJC_LITERAL_CONVERSION = YES;
				CLANG_WARN_OBJC_ROOT_CLASS = YES_ERROR;
				CLANG_WARN_QUOTED_INCLUDE_IN_FRAMEWORK_HEADER = YES;
				CLANG_WARN_RANGE_LOOP_ANALYSIS = YES;
				CLANG_WARN_STRICT_PROTOTYPES = YES;
				CLANG_WARN_SUSPICIOUS_MOVE = YES;
				CLANG_WARN_UNGUARDED_AVAILABILITY = YES_AGGRESSIVE;
				CLANG_WARN_UNREACHABLE_CODE = YES;
				CLANG_WARN__DUPLICATE_METHOD_MATCH = YES;
				COPY_PHASE_STRIP = NO;
				DEBUG_INFORMATION_FORMAT = "dwarf-with-dsym";
				ENABLE_NS_ASSERTIONS = NO;
				ENABLE_STRICT_OBJC_MSGSEND = YES;
				GCC_C_LANGUAGE_STANDARD = gnu11;
				GCC_NO_COMMON_BLOCKS = YES;
				GCC_WARN_64_TO_32_BIT_CONVERSION = YES;
				GCC_WARN_ABOUT_RETURN_TYPE = YES_ERROR;
				GCC_WARN_UNDECLARED_SELECTOR = YES;
				GCC_WARN_UNINITIALIZED_AUTOS = YES_AGGRESSIVE;
				GCC_WARN_UNUSED_FUNCTION = YES;
				GCC_WARN_UNUSED_VARIABLE = YES;
				IPHONEOS_DEPLOYMENT_TARGET = 14.4;
				MTL_ENABLE_DEBUG_INFO = NO;
				MTL_FAST_MATH = YES;
				SDKROOT = iphoneos;
				SWIFT_COMPILATION_MODE = wholemodule;
				SWIFT_OPTIMIZATION_LEVEL = "-O";
				VALIDATE_PRODUCT = YES;
			};
			name = Release;
		};
		A7801B28268C6125007F80E0 /* Debug */ = {
			isa = XCBuildConfiguration;
			baseConfigurationReference = 6569B012571F184371F37637 /* Pods-Instagram.debug.xcconfig */;
			buildSettings = {
				ASSETCATALOG_COMPILER_APPICON_NAME = AppIcon;
				ASSETCATALOG_COMPILER_GLOBAL_ACCENT_COLOR_NAME = AccentColor;
				CODE_SIGN_STYLE = Automatic;
				DEVELOPMENT_TEAM = J6QJ74U9N2;
				INFOPLIST_FILE = Instagram/Info.plist;
				IPHONEOS_DEPLOYMENT_TARGET = 13.0;
				LD_RUNPATH_SEARCH_PATHS = (
					"$(inherited)",
					"@executable_path/Frameworks",
				);
				PRODUCT_BUNDLE_IDENTIFIER = com.gabrieltakyie.Instagram;
				PRODUCT_NAME = "$(TARGET_NAME)";
				SWIFT_VERSION = 5.0;
				TARGETED_DEVICE_FAMILY = "1,2";
			};
			name = Debug;
		};
		A7801B29268C6125007F80E0 /* Release */ = {
			isa = XCBuildConfiguration;
			baseConfigurationReference = 90E04C4DA64F95C18D942A83 /* Pods-Instagram.release.xcconfig */;
			buildSettings = {
				ASSETCATALOG_COMPILER_APPICON_NAME = AppIcon;
				ASSETCATALOG_COMPILER_GLOBAL_ACCENT_COLOR_NAME = AccentColor;
				CODE_SIGN_STYLE = Automatic;
				DEVELOPMENT_TEAM = J6QJ74U9N2;
				INFOPLIST_FILE = Instagram/Info.plist;
				IPHONEOS_DEPLOYMENT_TARGET = 13.0;
				LD_RUNPATH_SEARCH_PATHS = (
					"$(inherited)",
					"@executable_path/Frameworks",
				);
				PRODUCT_BUNDLE_IDENTIFIER = com.gabrieltakyie.Instagram;
				PRODUCT_NAME = "$(TARGET_NAME)";
				SWIFT_VERSION = 5.0;
				TARGETED_DEVICE_FAMILY = "1,2";
			};
			name = Release;
		};
/* End XCBuildConfiguration section */

/* Begin XCConfigurationList section */
		A7801B0E268C6123007F80E0 /* Build configuration list for PBXProject "Instagram" */ = {
			isa = XCConfigurationList;
			buildConfigurations = (
				A7801B25268C6125007F80E0 /* Debug */,
				A7801B26268C6125007F80E0 /* Release */,
			);
			defaultConfigurationIsVisible = 0;
			defaultConfigurationName = Release;
		};
		A7801B27268C6125007F80E0 /* Build configuration list for PBXNativeTarget "Instagram" */ = {
			isa = XCConfigurationList;
			buildConfigurations = (
				A7801B28268C6125007F80E0 /* Debug */,
				A7801B29268C6125007F80E0 /* Release */,
			);
			defaultConfigurationIsVisible = 0;
			defaultConfigurationName = Release;
		};
/* End XCConfigurationList section */
	};
	rootObject = A7801B0B268C6123007F80E0 /* Project object */;
}
